
Microsoft Visual Studio Solution File, Format Version 12.00
# Visual Studio 14
VisualStudioVersion = 14.0.25420.1
MinimumVisualStudioVersion = 10.0.40219.1
Project("{FAE04EC0-301F-11D3-BF4B-00C04F79EFBC}") = "Common", "Common\Common.csproj", "{C4F26DD1-DE5A-4773-A789-7823E96EA166}"
EndProject
Project("{FAE04EC0-301F-11D3-BF4B-00C04F79EFBC}") = "BaseServer", "BaseServer\BaseServer.csproj", "{3419DA7E-3706-4E91-9821-E66CDE1836CE}"
EndProject
Project("{2150E333-8FDC-42A3-9474-1A3956D46DE8}") = "Services", "Services", "{A98F7360-046E-4AD3-8C8B-D82B357E5324}"
EndProject
Project("{FAE04EC0-301F-11D3-BF4B-00C04F79EFBC}") = "Users", "Services\Users\Users.csproj", "{F6F13CEC-CCA4-450E-8F02-743FC17A4F96}"
EndProject
Project("{FAE04EC0-301F-11D3-BF4B-00C04F79EFBC}") = "Roles", "Services\Roles\Roles.csproj", "{D61F0159-9976-4E11-BF95-6AC44A64EBBD}"
EndProject
Project("{FAE04EC0-301F-11D3-BF4B-00C04F79EFBC}") = "Codes", "Services\Codes\Codes.csproj", "{6E102873-07F4-41F7-AC8D-2C3F1F2BB09F}"
EndProject
Project("{FAE04EC0-301F-11D3-BF4B-00C04F79EFBC}") = "Organizations", "Services\Organizations\Organizations.csproj", "{0803E544-B979-4397-A853-DEB7FAF267BB}"
EndProject
Project("{FAE04EC0-301F-11D3-BF4B-00C04F79EFBC}") = "Modules", "Services\Modules\Modules.csproj", "{06751A2C-C718-4F53-A9F8-61401BA119D6}"
EndProject
Project("{FAE04EC0-301F-11D3-BF4B-00C04F79EFBC}") = "Utils", "..\..\Utility\Utils\Utils.csproj", "{0C3F2F08-6816-49FD-BB13-8526E43ACCC6}"
EndProject
Project("{FAE04EC0-301F-11D3-BF4B-00C04F79EFBC}") = "WCF", "..\..\Utility\WCF\WCF.csproj", "{4BB72AF9-EADB-418A-9764-18DC29BE749D}"
EndProject
Project("{FAE04EC0-301F-11D3-BF4B-00C04F79EFBC}") = "Logs", "Services\LogServer\Logs.csproj", "{C8EE59AD-2499-4C28-A4CF-7C726210D94D}"
EndProject
Project("{FAE04EC0-301F-11D3-BF4B-00C04F79EFBC}") = "Security", "Services\Security\Security.csproj", "{B18DFF40-4EB9-4777-B63E-756F36D5C5E2}"
EndProject
Project("{FAE04EC0-301F-11D3-BF4B-00C04F79EFBC}") = "OAuth", "OAuth\OAuth.csproj", "{0A33F95F-4934-4860-BD25-2E75D4A1A68F}"
EndProject
Project("{FAE04EC0-301F-11D3-BF4B-00C04F79EFBC}") = "UserGroups", "Services\UserGroups\UserGroups.csproj", "{003ECA41-652A-4D43-A8DC-2FE837C69B25}"
EndProject
Global
	GlobalSection(SolutionConfigurationPlatforms) = preSolution
		Debug|Any CPU = Debug|Any CPU
		Develop|Any CPU = Develop|Any CPU
		Release|Any CPU = Release|Any CPU
	EndGlobalSection
	GlobalSection(ProjectConfigurationPlatforms) = postSolution
		{C4F26DD1-DE5A-4773-A789-7823E96EA166}.Debug|Any CPU.ActiveCfg = Debug|Any CPU
		{C4F26DD1-DE5A-4773-A789-7823E96EA166}.Debug|Any CPU.Build.0 = Debug|Any CPU
		{C4F26DD1-DE5A-4773-A789-7823E96EA166}.Develop|Any CPU.ActiveCfg = Debug|Any CPU
		{C4F26DD1-DE5A-4773-A789-7823E96EA166}.Develop|Any CPU.Build.0 = Debug|Any CPU
		{C4F26DD1-DE5A-4773-A789-7823E96EA166}.Release|Any CPU.ActiveCfg = Release|Any CPU
		{C4F26DD1-DE5A-4773-A789-7823E96EA166}.Release|Any CPU.Build.0 = Release|Any CPU
		{3419DA7E-3706-4E91-9821-E66CDE1836CE}.Debug|Any CPU.ActiveCfg = Debug|Any CPU
		{3419DA7E-3706-4E91-9821-E66CDE1836CE}.Debug|Any CPU.Build.0 = Debug|Any CPU
		{3419DA7E-3706-4E91-9821-E66CDE1836CE}.Develop|Any CPU.ActiveCfg = Debug|Any CPU
		{3419DA7E-3706-4E91-9821-E66CDE1836CE}.Develop|Any CPU.Build.0 = Debug|Any CPU
		{3419DA7E-3706-4E91-9821-E66CDE1836CE}.Release|Any CPU.ActiveCfg = Release|Any CPU
		{3419DA7E-3706-4E91-9821-E66CDE1836CE}.Release|Any CPU.Build.0 = Release|Any CPU
		{F6F13CEC-CCA4-450E-8F02-743FC17A4F96}.Debug|Any CPU.ActiveCfg = Debug|Any CPU
		{F6F13CEC-CCA4-450E-8F02-743FC17A4F96}.Debug|Any CPU.Build.0 = Debug|Any CPU
		{F6F13CEC-CCA4-450E-8F02-743FC17A4F96}.Develop|Any CPU.ActiveCfg = Debug|Any CPU
		{F6F13CEC-CCA4-450E-8F02-743FC17A4F96}.Develop|Any CPU.Build.0 = Debug|Any CPU
		{F6F13CEC-CCA4-450E-8F02-743FC17A4F96}.Release|Any CPU.ActiveCfg = Release|Any CPU
		{F6F13CEC-CCA4-450E-8F02-743FC17A4F96}.Release|Any CPU.Build.0 = Release|Any CPU
		{D61F0159-9976-4E11-BF95-6AC44A64EBBD}.Debug|Any CPU.ActiveCfg = Debug|Any CPU
		{D61F0159-9976-4E11-BF95-6AC44A64EBBD}.Debug|Any CPU.Build.0 = Debug|Any CPU
		{D61F0159-9976-4E11-BF95-6AC44A64EBBD}.Develop|Any CPU.ActiveCfg = Debug|Any CPU
		{D61F0159-9976-4E11-BF95-6AC44A64EBBD}.Develop|Any CPU.Build.0 = Debug|Any CPU
		{D61F0159-9976-4E11-BF95-6AC44A64EBBD}.Release|Any CPU.ActiveCfg = Release|Any CPU
		{D61F0159-9976-4E11-BF95-6AC44A64EBBD}.Release|Any CPU.Build.0 = Release|Any CPU
		{6E102873-07F4-41F7-AC8D-2C3F1F2BB09F}.Debug|Any CPU.ActiveCfg = Debug|Any CPU
		{6E102873-07F4-41F7-AC8D-2C3F1F2BB09F}.Debug|Any CPU.Build.0 = Debug|Any CPU
		{6E102873-07F4-41F7-AC8D-2C3F1F2BB09F}.Develop|Any CPU.ActiveCfg = Debug|Any CPU
		{6E102873-07F4-41F7-AC8D-2C3F1F2BB09F}.Develop|Any CPU.Build.0 = Debug|Any CPU
		{6E102873-07F4-41F7-AC8D-2C3F1F2BB09F}.Release|Any CPU.ActiveCfg = Release|Any CPU
		{6E102873-07F4-41F7-AC8D-2C3F1F2BB09F}.Release|Any CPU.Build.0 = Release|Any CPU
		{0803E544-B979-4397-A853-DEB7FAF267BB}.Debug|Any CPU.ActiveCfg = Debug|Any CPU
		{0803E544-B979-4397-A853-DEB7FAF267BB}.Debug|Any CPU.Build.0 = Debug|Any CPU
		{0803E544-B979-4397-A853-DEB7FAF267BB}.Develop|Any CPU.ActiveCfg = Debug|Any CPU
		{0803E544-B979-4397-A853-DEB7FAF267BB}.Develop|Any CPU.Build.0 = Debug|Any CPU
		{0803E544-B979-4397-A853-DEB7FAF267BB}.Release|Any CPU.ActiveCfg = Release|Any CPU
		{0803E544-B979-4397-A853-DEB7FAF267BB}.Release|Any CPU.Build.0 = Release|Any CPU
		{06751A2C-C718-4F53-A9F8-61401BA119D6}.Debug|Any CPU.ActiveCfg = Debug|Any CPU
		{06751A2C-C718-4F53-A9F8-61401BA119D6}.Debug|Any CPU.Build.0 = Debug|Any CPU
		{06751A2C-C718-4F53-A9F8-61401BA119D6}.Develop|Any CPU.ActiveCfg = Debug|Any CPU
		{06751A2C-C718-4F53-A9F8-61401BA119D6}.Develop|Any CPU.Build.0 = Debug|Any CPU
		{06751A2C-C718-4F53-A9F8-61401BA119D6}.Release|Any CPU.ActiveCfg = Release|Any CPU
		{06751A2C-C718-4F53-A9F8-61401BA119D6}.Release|Any CPU.Build.0 = Release|Any CPU
		{0C3F2F08-6816-49FD-BB13-8526E43ACCC6}.Debug|Any CPU.ActiveCfg = Debug|Any CPU
		{0C3F2F08-6816-49FD-BB13-8526E43ACCC6}.Debug|Any CPU.Build.0 = Debug|Any CPU
		{0C3F2F08-6816-49FD-BB13-8526E43ACCC6}.Develop|Any CPU.ActiveCfg = Debug|Any CPU
		{0C3F2F08-6816-49FD-BB13-8526E43ACCC6}.Develop|Any CPU.Build.0 = Debug|Any CPU
		{0C3F2F08-6816-49FD-BB13-8526E43ACCC6}.Release|Any CPU.ActiveCfg = Release|Any CPU
		{0C3F2F08-6816-49FD-BB13-8526E43ACCC6}.Release|Any CPU.Build.0 = Release|Any CPU
		{4BB72AF9-EADB-418A-9764-18DC29BE749D}.Debug|Any CPU.ActiveCfg = Debug|Any CPU
		{4BB72AF9-EADB-418A-9764-18DC29BE749D}.Debug|Any CPU.Build.0 = Debug|Any CPU
		{4BB72AF9-EADB-418A-9764-18DC29BE749D}.Develop|Any CPU.ActiveCfg = Debug|Any CPU
		{4BB72AF9-EADB-418A-9764-18DC29BE749D}.Develop|Any CPU.Build.0 = Debug|Any CPU
		{4BB72AF9-EADB-418A-9764-18DC29BE749D}.Release|Any CPU.ActiveCfg = Release|Any CPU
		{4BB72AF9-EADB-418A-9764-18DC29BE749D}.Release|Any CPU.Build.0 = Release|Any CPU
		{C8EE59AD-2499-4C28-A4CF-7C726210D94D}.Debug|Any CPU.ActiveCfg = Debug|Any CPU
		{C8EE59AD-2499-4C28-A4CF-7C726210D94D}.Debug|Any CPU.Build.0 = Debug|Any CPU
		{C8EE59AD-2499-4C28-A4CF-7C726210D94D}.Develop|Any CPU.ActiveCfg = Develop|Any CPU
		{C8EE59AD-2499-4C28-A4CF-7C726210D94D}.Develop|Any CPU.Build.0 = Develop|Any CPU
		{C8EE59AD-2499-4C28-A4CF-7C726210D94D}.Release|Any CPU.ActiveCfg = Release|Any CPU
		{C8EE59AD-2499-4C28-A4CF-7C726210D94D}.Release|Any CPU.Build.0 = Release|Any CPU
		{B18DFF40-4EB9-4777-B63E-756F36D5C5E2}.Debug|Any CPU.ActiveCfg = Debug|Any CPU
		{B18DFF40-4EB9-4777-B63E-756F36D5C5E2}.Debug|Any CPU.Build.0 = Debug|Any CPU
		{B18DFF40-4EB9-4777-B63E-756F36D5C5E2}.Develop|Any CPU.ActiveCfg = Debug|Any CPU
		{B18DFF40-4EB9-4777-B63E-756F36D5C5E2}.Develop|Any CPU.Build.0 = Debug|Any CPU
		{B18DFF40-4EB9-4777-B63E-756F36D5C5E2}.Release|Any CPU.ActiveCfg = Release|Any CPU
		{B18DFF40-4EB9-4777-B63E-756F36D5C5E2}.Release|Any CPU.Build.0 = Release|Any CPU
		{0A33F95F-4934-4860-BD25-2E75D4A1A68F}.Debug|Any CPU.ActiveCfg = Debug|Any CPU
		{0A33F95F-4934-4860-BD25-2E75D4A1A68F}.Debug|Any CPU.Build.0 = Debug|Any CPU
		{0A33F95F-4934-4860-BD25-2E75D4A1A68F}.Develop|Any CPU.ActiveCfg = Debug|Any CPU
		{0A33F95F-4934-4860-BD25-2E75D4A1A68F}.Develop|Any CPU.Build.0 = Debug|Any CPU
		{0A33F95F-4934-4860-BD25-2E75D4A1A68F}.Release|Any CPU.ActiveCfg = Release|Any CPU
		{0A33F95F-4934-4860-BD25-2E75D4A1A68F}.Release|Any CPU.Build.0 = Release|Any CPU
		{003ECA41-652A-4D43-A8DC-2FE837C69B25}.Debug|Any CPU.ActiveCfg = Debug|Any CPU
		{003ECA41-652A-4D43-A8DC-2FE837C69B25}.Debug|Any CPU.Build.0 = Debug|Any CPU
		{003ECA41-652A-4D43-A8DC-2FE837C69B25}.Develop|Any CPU.ActiveCfg = Debug|Any CPU
		{003ECA41-652A-4D43-A8DC-2FE837C69B25}.Develop|Any CPU.Build.0 = Debug|Any CPU
		{003ECA41-652A-4D43-A8DC-2FE837C69B25}.Release|Any CPU.ActiveCfg = Release|Any CPU
		{003ECA41-652A-4D43-A8DC-2FE837C69B25}.Release|Any CPU.Build.0 = Release|Any CPU
	EndGlobalSection
	GlobalSection(SolutionProperties) = preSolution
		HideSolutionNode = FALSE
	EndGlobalSection
	GlobalSection(NestedProjects) = preSolution
		{F6F13CEC-CCA4-450E-8F02-743FC17A4F96} = {A98F7360-046E-4AD3-8C8B-D82B357E5324}
		{D61F0159-9976-4E11-BF95-6AC44A64EBBD} = {A98F7360-046E-4AD3-8C8B-D82B357E5324}
		{6E102873-07F4-41F7-AC8D-2C3F1F2BB09F} = {A98F7360-046E-4AD3-8C8B-D82B357E5324}
		{0803E544-B979-4397-A853-DEB7FAF267BB} = {A98F7360-046E-4AD3-8C8B-D82B357E5324}
		{06751A2C-C718-4F53-A9F8-61401BA119D6} = {A98F7360-046E-4AD3-8C8B-D82B357E5324}
		{C8EE59AD-2499-4C28-A4CF-7C726210D94D} = {A98F7360-046E-4AD3-8C8B-D82B357E5324}
		{B18DFF40-4EB9-4777-B63E-756F36D5C5E2} = {A98F7360-046E-4AD3-8C8B-D82B357E5324}
		{003ECA41-652A-4D43-A8DC-2FE837C69B25} = {A98F7360-046E-4AD3-8C8B-D82B357E5324}
	EndGlobalSection
EndGlobal
